
Microsoft Visual Studio Solution File, Format Version 12.00
# Visual Studio 15
VisualStudioVersion = 15.0.27703.2047
MinimumVisualStudioVersion = 10.0.40219.1
Project("{FAE04EC0-301F-11D3-BF4B-00C04F79EFBC}") = "DataAnnotationsEF", "DataAnnotationsEF\DataAnnotationsEF.csproj", "{1667C4CC-CD58-4053-B3AF-3AF307B6DCBC}"
EndProject
Global
	GlobalSection(SolutionConfigurationPlatforms) = preSolution
		Debug|Any CPU = Debug|Any CPU
		Release|Any CPU = Release|Any CPU
	EndGlobalSection
	GlobalSection(ProjectConfigurationPlatforms) = postSolution
		{1667C4CC-CD58-4053-B3AF-3AF307B6DCBC}.Debug|Any CPU.ActiveCfg = Debug|Any CPU
		{1667C4CC-CD58-4053-B3AF-3AF307B6DCBC}.Debug|Any CPU.Build.0 = Debug|Any CPU
		{1667C4CC-CD58-4053-B3AF-3AF307B6DCBC}.Release|Any CPU.ActiveCfg = Release|Any CPU
		{1667C4CC-CD58-4053-B3AF-3AF307B6DCBC}.Release|Any CPU.Build.0 = Release|Any CPU
	EndGlobalSection
	GlobalSection(SolutionProperties) = preSolution
		HideSolutionNode = FALSE
	EndGlobalSection
	GlobalSection(ExtensibilityGlobals) = postSolution
		SolutionGuid = {47DD3AB2-7CAE-40B5-842E-11CA9CE6FE90}
	EndGlobalSection
EndGlobal
